<?xml version="1.0" encoding="utf-8"?>
<Project ToolsVersion="4.0" xmlns="http://schemas.microsoft.com/developer/msbuild/2003">
  <ItemGroup>
    <Filter Include="ソース ファイル">
      <UniqueIdentifier>{4FC737F1-C7A5-4376-A066-2A32D752A2FF}</UniqueIdentifier>
      <Extensions>cpp;c;cc;cxx;c++;cppm;ixx;def;odl;idl;hpj;bat;asm;asmx</Extensions>
    </Filter>
    <Filter Include="ヘッダー ファイル">
      <UniqueIdentifier>{93995380-89BD-4b04-88EB-625FBE52EBFB}</UniqueIdentifier>
      <Extensions>h;hh;hpp;hxx;h++;hm;inl;inc;ipp;xsd</Extensions>
    </Filter>
    <Filter Include="リソース ファイル">
      <UniqueIdentifier>{67DA6AB6-F800-4c08-8B7A-83BB121AAD01}</UniqueIdentifier>
      <Extensions>rc;ico;cur;bmp;dlg;rc2;rct;bin;rgs;gif;jpg;jpeg;jpe;resx;tiff;tif;png;wav;mfcribbon-ms</Extensions>
    </Filter>
    <Filter Include="ソース ファイル\2d">
      <UniqueIdentifier>{89c08b0c-4780-4e83-9cc5-e3e096dd140f}</UniqueIdentifier>
    </Filter>
    <Filter Include="ソース ファイル\3d">
      <UniqueIdentifier>{81977cb2-fd0b-4ef9-b74d-a3452fda4d03}</UniqueIdentifier>
    </Filter>
    <Filter Include="ソース ファイル\Audio">
      <UniqueIdentifier>{72172db2-a746-47b3-a062-9dad774e447e}</UniqueIdentifier>
    </Filter>
    <Filter Include="ソース ファイル\Base">
      <UniqueIdentifier>{dd08ae8e-00ca-4800-ab6f-f52685a979a8}</UniqueIdentifier>
    </Filter>
    <Filter Include="ソース ファイル\Camera">
      <UniqueIdentifier>{6196975b-16a6-4edc-97d9-f01db746c846}</UniqueIdentifier>
    </Filter>
    <Filter Include="ソース ファイル\Collision">
      <UniqueIdentifier>{1c8d70ca-36d4-4012-b75c-06e78a9d287a}</UniqueIdentifier>
    </Filter>
    <Filter Include="ソース ファイル\Input">
      <UniqueIdentifier>{cbd4e3be-ae4d-448b-8f01-386b6f0989ff}</UniqueIdentifier>
    </Filter>
    <Filter Include="ソース ファイル\Math">
      <UniqueIdentifier>{fe170dca-6f7f-4380-83c3-dac41881019c}</UniqueIdentifier>
    </Filter>
    <Filter Include="ソース ファイル\Scene">
      <UniqueIdentifier>{ca0950d9-f973-464a-a22e-69ecf8452362}</UniqueIdentifier>
    </Filter>
    <Filter Include="ソース ファイル\PostEffect">
      <UniqueIdentifier>{6ade78b7-998d-4d84-ae0a-fd24153887af}</UniqueIdentifier>
    </Filter>
    <Filter Include="ヘッダー ファイル\2d">
      <UniqueIdentifier>{98e7dfa7-42f9-45a2-a538-8a08b27c2895}</UniqueIdentifier>
    </Filter>
    <Filter Include="ヘッダー ファイル\3d">
      <UniqueIdentifier>{d72bcc00-6766-4f50-95e5-35c914a4d719}</UniqueIdentifier>
    </Filter>
    <Filter Include="ヘッダー ファイル\Audio">
      <UniqueIdentifier>{58e3dc46-1fd4-4ca5-baf7-5ad2d9b0046a}</UniqueIdentifier>
    </Filter>
    <Filter Include="ヘッダー ファイル\Base">
      <UniqueIdentifier>{2988b603-5910-4870-a093-4cdca667a8b7}</UniqueIdentifier>
    </Filter>
    <Filter Include="ヘッダー ファイル\Camera">
      <UniqueIdentifier>{574687ea-48f9-48ae-90a7-f0e59676a81e}</UniqueIdentifier>
    </Filter>
    <Filter Include="ヘッダー ファイル\Collision">
      <UniqueIdentifier>{35bd97d9-c31d-4f77-b735-f1a5b57dc0d5}</UniqueIdentifier>
    </Filter>
    <Filter Include="ヘッダー ファイル\GameObject">
      <UniqueIdentifier>{97c32041-00c2-4eca-a070-557e75abafd2}</UniqueIdentifier>
    </Filter>
    <Filter Include="ヘッダー ファイル\GameObject\Boss">
      <UniqueIdentifier>{41a5992d-35fb-42f9-9958-82774a95a13a}</UniqueIdentifier>
    </Filter>
    <Filter Include="ヘッダー ファイル\Input">
      <UniqueIdentifier>{27ada5d7-9b4f-429a-83da-f2e945b1a79e}</UniqueIdentifier>
    </Filter>
    <Filter Include="ヘッダー ファイル\Math">
      <UniqueIdentifier>{42a5ea57-d12e-42cf-8c3b-22e3493c911e}</UniqueIdentifier>
    </Filter>
    <Filter Include="ヘッダー ファイル\PostEffect">
      <UniqueIdentifier>{cdf03dd7-06fa-4158-a676-d3d163f362ff}</UniqueIdentifier>
    </Filter>
    <Filter Include="シェーダーファイル">
      <UniqueIdentifier>{5d585942-4a05-44a4-ae30-eee12c29ddcb}</UniqueIdentifier>
    </Filter>
    <Filter Include="ヘッダー ファイル\Scene">
      <UniqueIdentifier>{c8447c6b-c701-481e-8b8b-90abf3a1ea6b}</UniqueIdentifier>
    </Filter>
    <Filter Include="ソース ファイル\GameObject">
      <UniqueIdentifier>{df777b0f-c67b-4527-8357-6249f2c6657d}</UniqueIdentifier>
    </Filter>
    <Filter Include="ソース ファイル\GameObject\Boss">
      <UniqueIdentifier>{dea66b22-bf5d-4d0e-b4e2-7f8d990c20bf}</UniqueIdentifier>
    </Filter>
  </ItemGroup>
  <ItemGroup>
    <ClInclude Include="2d\DebugText.h">
      <Filter>ヘッダー ファイル\2d</Filter>
    </ClInclude>
    <ClInclude Include="2d\Sprite.h">
      <Filter>ヘッダー ファイル\2d</Filter>
    </ClInclude>
    <ClInclude Include="2d\TextureManager.h">
      <Filter>ヘッダー ファイル\2d</Filter>
    </ClInclude>
    <ClInclude Include="3d\AttackEnemyCollisionObject.h">
      <Filter>ヘッダー ファイル\3d</Filter>
    </ClInclude>
    <ClInclude Include="3d\EffekseerManager.h">
      <Filter>ヘッダー ファイル\3d</Filter>
    </ClInclude>
    <ClInclude Include="3d\FbxLoader.h">
      <Filter>ヘッダー ファイル\3d</Filter>
    </ClInclude>
    <ClInclude Include="3d\GeometoryModel.h">
      <Filter>ヘッダー ファイル\3d</Filter>
    </ClInclude>
    <ClInclude Include="3d\GeometoryObject.h">
      <Filter>ヘッダー ファイル\3d</Filter>
    </ClInclude>
    <ClInclude Include="3d\Material.h">
      <Filter>ヘッダー ファイル\3d</Filter>
    </ClInclude>
    <ClInclude Include="3d\Mesh.h">
      <Filter>ヘッダー ファイル\3d</Filter>
    </ClInclude>
    <ClInclude Include="3d\Model.h">
      <Filter>ヘッダー ファイル\3d</Filter>
    </ClInclude>
    <ClInclude Include="3d\Object3d.h">
      <Filter>ヘッダー ファイル\3d</Filter>
    </ClInclude>
    <ClInclude Include="3d\ObjectObj.h">
      <Filter>ヘッダー ファイル\3d</Filter>
    </ClInclude>
    <ClInclude Include="3d\ObjLoder.h">
      <Filter>ヘッダー ファイル\3d</Filter>
    </ClInclude>
    <ClInclude Include="3d\ParticleManager.h">
      <Filter>ヘッダー ファイル\3d</Filter>
    </ClInclude>
    <ClInclude Include="3d\TouchableObject.h">
      <Filter>ヘッダー ファイル\3d</Filter>
    </ClInclude>
    <ClInclude Include="Audio\AudioManager.h">
      <Filter>ヘッダー ファイル\Audio</Filter>
    </ClInclude>
    <ClInclude Include="Base\Direcx12Base.h">
      <Filter>ヘッダー ファイル\Base</Filter>
    </ClInclude>
    <ClInclude Include="Base\FlameRate.h">
      <Filter>ヘッダー ファイル\Base</Filter>
    </ClInclude>
    <ClInclude Include="Base\SafeDelete.h">
      <Filter>ヘッダー ファイル\Base</Filter>
    </ClInclude>
    <ClInclude Include="Base\Timer.h">
      <Filter>ヘッダー ファイル\Base</Filter>
    </ClInclude>
    <ClInclude Include="Base\windowsApi.h">
      <Filter>ヘッダー ファイル\Base</Filter>
    </ClInclude>
    <ClInclude Include="Camera\BackCamera.h">
      <Filter>ヘッダー ファイル\Camera</Filter>
    </ClInclude>
    <ClInclude Include="Camera\Camera.h">
      <Filter>ヘッダー ファイル\Camera</Filter>
    </ClInclude>
    <ClInclude Include="Camera\DebugCamera.h">
      <Filter>ヘッダー ファイル\Camera</Filter>
    </ClInclude>
    <ClInclude Include="Collision\AttackCollisionObject.h">
      <Filter>ヘッダー ファイル\Collision</Filter>
    </ClInclude>
    <ClInclude Include="Collision\BaseCollider.h">
      <Filter>ヘッダー ファイル\Collision</Filter>
    </ClInclude>
    <ClInclude Include="Collision\Collision.h">
      <Filter>ヘッダー ファイル\Collision</Filter>
    </ClInclude>
    <ClInclude Include="Collision\CollisionAttribute.h">
      <Filter>ヘッダー ファイル\Collision</Filter>
    </ClInclude>
    <ClInclude Include="Collision\CollisionInfo.h">
      <Filter>ヘッダー ファイル\Collision</Filter>
    </ClInclude>
    <ClInclude Include="Collision\CollisionManager.h">
      <Filter>ヘッダー ファイル\Collision</Filter>
    </ClInclude>
    <ClInclude Include="Collision\CollisionPrimitive.h">
      <Filter>ヘッダー ファイル\Collision</Filter>
    </ClInclude>
    <ClInclude Include="Collision\CollisionTypes.h">
      <Filter>ヘッダー ファイル\Collision</Filter>
    </ClInclude>
    <ClInclude Include="Collision\MeshCollider.h">
      <Filter>ヘッダー ファイル\Collision</Filter>
    </ClInclude>
    <ClInclude Include="Collision\QueryCallback.h">
      <Filter>ヘッダー ファイル\Collision</Filter>
    </ClInclude>
    <ClInclude Include="Collision\RaycastHit.h">
      <Filter>ヘッダー ファイル\Collision</Filter>
    </ClInclude>
    <ClInclude Include="Collision\SphereCollider.h">
      <Filter>ヘッダー ファイル\Collision</Filter>
    </ClInclude>
    <ClInclude Include="GameObject\Boss\Boss.h">
      <Filter>ヘッダー ファイル\GameObject\Boss</Filter>
    </ClInclude>
    <ClInclude Include="GameObject\Boss\BossBaseState.h">
      <Filter>ヘッダー ファイル\GameObject\Boss</Filter>
    </ClInclude>
    <ClInclude Include="GameObject\Boss\BossState_BackStep.h">
      <Filter>ヘッダー ファイル\GameObject\Boss</Filter>
    </ClInclude>
    <ClInclude Include="GameObject\Boss\BossState_Biting.h">
      <Filter>ヘッダー ファイル\GameObject\Boss</Filter>
    </ClInclude>
    <ClInclude Include="GameObject\Boss\BossState_Breth.h">
      <Filter>ヘッダー ファイル\GameObject\Boss</Filter>
    </ClInclude>
    <ClInclude Include="GameObject\Boss\BossState_LockOn.h">
      <Filter>ヘッダー ファイル\GameObject\Boss</Filter>
    </ClInclude>
    <ClInclude Include="GameObject\Boss\BossState_Roar.h">
      <Filter>ヘッダー ファイル\GameObject\Boss</Filter>
    </ClInclude>
    <ClInclude Include="GameObject\Boss\BossState_Rolling.h">
      <Filter>ヘッダー ファイル\GameObject\Boss</Filter>
    </ClInclude>
    <ClInclude Include="GameObject\Boss\BossState_Rush.h">
      <Filter>ヘッダー ファイル\GameObject\Boss</Filter>
    </ClInclude>
    <ClInclude Include="GameObject\Boss\BossState_Wait.h">
      <Filter>ヘッダー ファイル\GameObject\Boss</Filter>
    </ClInclude>
    <ClInclude Include="Input\Gamepad.h">
      <Filter>ヘッダー ファイル\Input</Filter>
    </ClInclude>
    <ClInclude Include="Input\Input.h">
      <Filter>ヘッダー ファイル\Input</Filter>
    </ClInclude>
    <ClInclude Include="Math\Easing.h">
      <Filter>ヘッダー ファイル\Math</Filter>
    </ClInclude>
    <ClInclude Include="Math\ExNum.h">
      <Filter>ヘッダー ファイル\Math</Filter>
    </ClInclude>
    <ClInclude Include="Math\Matrix4.h">
      <Filter>ヘッダー ファイル\Math</Filter>
    </ClInclude>
    <ClInclude Include="Math\Quaternion.h">
      <Filter>ヘッダー ファイル\Math</Filter>
    </ClInclude>
    <ClInclude Include="Math\Vector3.h">
      <Filter>ヘッダー ファイル\Math</Filter>
    </ClInclude>
    <ClInclude Include="PostEffect\Fog.h">
      <Filter>ヘッダー ファイル\PostEffect</Filter>
    </ClInclude>
    <ClInclude Include="PostEffect\PostEffect.h">
      <Filter>ヘッダー ファイル\PostEffect</Filter>
    </ClInclude>
    <ClInclude Include="Scene\AbstractSceneFactory.h">
      <Filter>ヘッダー ファイル\Scene</Filter>
    </ClInclude>
    <ClInclude Include="Scene\BaseScene.h">
      <Filter>ヘッダー ファイル\Scene</Filter>
    </ClInclude>
    <ClInclude Include="Scene\EndScene.h">
      <Filter>ヘッダー ファイル\Scene</Filter>
    </ClInclude>
    <ClInclude Include="Scene\GameScene.h">
      <Filter>ヘッダー ファイル\Scene</Filter>
    </ClInclude>
    <ClInclude Include="Scene\SceneFactory.h">
      <Filter>ヘッダー ファイル\Scene</Filter>
    </ClInclude>
    <ClInclude Include="Scene\SceneManager.h">
      <Filter>ヘッダー ファイル\Scene</Filter>
    </ClInclude>
    <ClInclude Include="Scene\TitleScene.h">
      <Filter>ヘッダー ファイル\Scene</Filter>
    </ClInclude>
    <ClInclude Include="DirectXGame.h">
      <Filter>ヘッダー ファイル</Filter>
    </ClInclude>
    <ClInclude Include="GameBase.h">
      <Filter>ヘッダー ファイル</Filter>
    </ClInclude>
    <ClInclude Include="Player.h">
      <Filter>ヘッダー ファイル</Filter>
    </ClInclude>
    <ClInclude Include="Base\LevelLoader.h">
      <Filter>ヘッダー ファイル\Base</Filter>
    </ClInclude>
    <ClInclude Include="Math\Fader.h">
      <Filter>ヘッダー ファイル\Math</Filter>
    </ClInclude>
  </ItemGroup>
  <ItemGroup>
    <ClCompile Include="2d\DebugText.cpp">
      <Filter>ソース ファイル\2d</Filter>
    </ClCompile>
    <ClCompile Include="2d\Sprite.cpp">
      <Filter>ソース ファイル\2d</Filter>
    </ClCompile>
    <ClCompile Include="2d\TextureManager.cpp">
      <Filter>ソース ファイル\2d</Filter>
    </ClCompile>
    <ClCompile Include="3d\AttackEnemyCollisionObject.cpp">
      <Filter>ソース ファイル\3d</Filter>
    </ClCompile>
    <ClCompile Include="3d\EffekseerManager.cpp">
      <Filter>ソース ファイル\3d</Filter>
    </ClCompile>
    <ClCompile Include="3d\FbxLoader.cpp">
      <Filter>ソース ファイル\3d</Filter>
    </ClCompile>
    <ClCompile Include="3d\GeometoryModel.cpp">
      <Filter>ソース ファイル\3d</Filter>
    </ClCompile>
    <ClCompile Include="3d\GeometoryObject.cpp">
      <Filter>ソース ファイル\3d</Filter>
    </ClCompile>
    <ClCompile Include="3d\Material.cpp">
      <Filter>ソース ファイル\3d</Filter>
    </ClCompile>
    <ClCompile Include="3d\Mesh.cpp">
      <Filter>ソース ファイル\3d</Filter>
    </ClCompile>
    <ClCompile Include="3d\Model.cpp">
      <Filter>ソース ファイル\3d</Filter>
    </ClCompile>
    <ClCompile Include="3d\Object3d.cpp">
      <Filter>ソース ファイル\3d</Filter>
    </ClCompile>
    <ClCompile Include="3d\ObjectObj.cpp">
      <Filter>ソース ファイル\3d</Filter>
    </ClCompile>
    <ClCompile Include="3d\ObjLoder.cpp">
      <Filter>ソース ファイル\3d</Filter>
    </ClCompile>
    <ClCompile Include="3d\ParticleManager.cpp">
      <Filter>ソース ファイル\3d</Filter>
    </ClCompile>
    <ClCompile Include="3d\TouchableObject.cpp">
      <Filter>ソース ファイル\3d</Filter>
    </ClCompile>
    <ClCompile Include="Audio\AudioManager.cpp">
      <Filter>ソース ファイル\Audio</Filter>
    </ClCompile>
    <ClCompile Include="Base\Direcx12Base.cpp">
      <Filter>ソース ファイル\Base</Filter>
    </ClCompile>
    <ClCompile Include="Base\FlameRate.cpp">
      <Filter>ソース ファイル\Base</Filter>
    </ClCompile>
    <ClCompile Include="Base\windowsApi.cpp">
      <Filter>ソース ファイル\Base</Filter>
    </ClCompile>
    <ClCompile Include="Camera\BackCamera.cpp">
      <Filter>ソース ファイル\Camera</Filter>
    </ClCompile>
    <ClCompile Include="Camera\Camera.cpp">
      <Filter>ソース ファイル\Camera</Filter>
    </ClCompile>
    <ClCompile Include="Camera\DebugCamera.cpp">
      <Filter>ソース ファイル\Camera</Filter>
    </ClCompile>
    <ClCompile Include="Collision\AttackCollisionObject.cpp">
      <Filter>ソース ファイル\Collision</Filter>
    </ClCompile>
    <ClCompile Include="Collision\Collision.cpp">
      <Filter>ソース ファイル\Collision</Filter>
    </ClCompile>
    <ClCompile Include="Collision\CollisionManager.cpp">
      <Filter>ソース ファイル\Collision</Filter>
    </ClCompile>
    <ClCompile Include="Collision\CollisionPrimitive.cpp">
      <Filter>ソース ファイル\Collision</Filter>
    </ClCompile>
    <ClCompile Include="Collision\MeshCollider.cpp">
      <Filter>ソース ファイル\Collision</Filter>
    </ClCompile>
    <ClCompile Include="Collision\SphereCollider.cpp">
      <Filter>ソース ファイル\Collision</Filter>
    </ClCompile>
    <ClCompile Include="GameObject\Boss\Boss.cpp">
      <Filter>ソース ファイル\GameObject\Boss</Filter>
    </ClCompile>
    <ClCompile Include="GameObject\Boss\BossBaseState.cpp">
      <Filter>ソース ファイル\GameObject\Boss</Filter>
    </ClCompile>
    <ClCompile Include="GameObject\Boss\BossState_BackStep.cpp">
      <Filter>ソース ファイル\GameObject\Boss</Filter>
    </ClCompile>
    <ClCompile Include="GameObject\Boss\BossState_Biting.cpp">
      <Filter>ソース ファイル\GameObject\Boss</Filter>
    </ClCompile>
    <ClCompile Include="GameObject\Boss\BossState_Breth.cpp">
      <Filter>ソース ファイル\GameObject\Boss</Filter>
    </ClCompile>
    <ClCompile Include="GameObject\Boss\BossState_LockOn.cpp">
      <Filter>ソース ファイル\GameObject\Boss</Filter>
    </ClCompile>
    <ClCompile Include="GameObject\Boss\BossState_Roar.cpp">
      <Filter>ソース ファイル\GameObject\Boss</Filter>
    </ClCompile>
    <ClCompile Include="GameObject\Boss\BossState_Rolling.cpp">
      <Filter>ソース ファイル\GameObject\Boss</Filter>
    </ClCompile>
    <ClCompile Include="GameObject\Boss\BossState_Rush.cpp">
      <Filter>ソース ファイル\GameObject\Boss</Filter>
    </ClCompile>
    <ClCompile Include="GameObject\Boss\BossState_Wait.cpp">
      <Filter>ソース ファイル\GameObject\Boss</Filter>
    </ClCompile>
    <ClCompile Include="Input\Gamepad.cpp">
      <Filter>ソース ファイル\Input</Filter>
    </ClCompile>
    <ClCompile Include="Input\Input.cpp">
      <Filter>ソース ファイル\Input</Filter>
    </ClCompile>
    <ClCompile Include="Math\Easing.cpp">
      <Filter>ソース ファイル\Math</Filter>
    </ClCompile>
    <ClCompile Include="Math\ExNum.cpp">
      <Filter>ソース ファイル\Math</Filter>
    </ClCompile>
    <ClCompile Include="Math\Matrix4.cpp">
      <Filter>ソース ファイル\Math</Filter>
    </ClCompile>
    <ClCompile Include="Math\Quaternion.cpp">
      <Filter>ソース ファイル\Math</Filter>
    </ClCompile>
    <ClCompile Include="Math\Vector3.cpp">
      <Filter>ソース ファイル\Math</Filter>
    </ClCompile>
    <ClCompile Include="PostEffect\Fog.cpp">
      <Filter>ソース ファイル\PostEffect</Filter>
    </ClCompile>
    <ClCompile Include="PostEffect\PostEffect.cpp">
      <Filter>ソース ファイル\PostEffect</Filter>
    </ClCompile>
    <ClCompile Include="Scene\AbstractSceneFactory.cpp">
      <Filter>ソース ファイル\Scene</Filter>
    </ClCompile>
    <ClCompile Include="Scene\BaseScene.cpp">
      <Filter>ソース ファイル\Scene</Filter>
    </ClCompile>
    <ClCompile Include="Scene\EndScene.cpp">
      <Filter>ソース ファイル\Scene</Filter>
    </ClCompile>
    <ClCompile Include="Scene\GameScene.cpp">
      <Filter>ソース ファイル\Scene</Filter>
    </ClCompile>
    <ClCompile Include="Scene\SceneFactory.cpp">
      <Filter>ソース ファイル\Scene</Filter>
    </ClCompile>
    <ClCompile Include="Scene\SceneManager.cpp">
      <Filter>ソース ファイル\Scene</Filter>
    </ClCompile>
    <ClCompile Include="Scene\TitleScene.cpp">
      <Filter>ソース ファイル\Scene</Filter>
    </ClCompile>
    <ClCompile Include="DirectXGame.cpp">
      <Filter>ソース ファイル</Filter>
    </ClCompile>
    <ClCompile Include="GameBase.cpp">
      <Filter>ソース ファイル</Filter>
    </ClCompile>
    <ClCompile Include="main.cpp">
      <Filter>ソース ファイル</Filter>
    </ClCompile>
    <ClCompile Include="Player.cpp">
      <Filter>ソース ファイル</Filter>
    </ClCompile>
    <ClCompile Include="Base\LevelLoader.cpp">
      <Filter>ソース ファイル\Base</Filter>
    </ClCompile>
    <ClCompile Include="Math\Fader.cpp">
      <Filter>ソース ファイル\Math</Filter>
    </ClCompile>
  </ItemGroup>
  <ItemGroup>
    <FxCompile Include="Resources\shaders\BasicPixelShader.hlsl">
      <Filter>シェーダーファイル</Filter>
    </FxCompile>
    <FxCompile Include="Resources\shaders\BasicVertexShader.hlsl">
      <Filter>シェーダーファイル</Filter>
    </FxCompile>
    <FxCompile Include="Resources\shaders\FBXPS.hlsl">
      <Filter>シェーダーファイル</Filter>
    </FxCompile>
    <FxCompile Include="Resources\shaders\FBXVS.hlsl">
      <Filter>シェーダーファイル</Filter>
    </FxCompile>
    <FxCompile Include="Resources\shaders\MainFogPS.hlsl">
      <Filter>シェーダーファイル</Filter>
    </FxCompile>
    <FxCompile Include="Resources\shaders\MainFogVS.hlsl">
      <Filter>シェーダーファイル</Filter>
    </FxCompile>
    <FxCompile Include="Resources\shaders\OBJPixelShader.hlsl">
      <Filter>シェーダーファイル</Filter>
    </FxCompile>
    <FxCompile Include="Resources\shaders\OBJVertexShader.hlsl">
      <Filter>シェーダーファイル</Filter>
    </FxCompile>
    <FxCompile Include="Resources\shaders\ParticleGS.hlsl">
      <Filter>シェーダーファイル</Filter>
    </FxCompile>
    <FxCompile Include="Resources\shaders\ParticlePS.hlsl">
      <Filter>シェーダーファイル</Filter>
    </FxCompile>
    <FxCompile Include="Resources\shaders\ParticleVS.hlsl">
      <Filter>シェーダーファイル</Filter>
    </FxCompile>
    <FxCompile Include="Resources\shaders\PosteffectPS.hlsl">
      <Filter>シェーダーファイル</Filter>
    </FxCompile>
    <FxCompile Include="Resources\shaders\PosteffectVS.hlsl">
      <Filter>シェーダーファイル</Filter>
    </FxCompile>
    <FxCompile Include="Resources\shaders\SpritePixelShader.hlsl">
      <Filter>シェーダーファイル</Filter>
    </FxCompile>
    <FxCompile Include="Resources\shaders\SpriteVertexShader.hlsl">
      <Filter>シェーダーファイル</Filter>
    </FxCompile>
  </ItemGroup>
  <ItemGroup>
    <None Include="Resources\shaders\BasicShaderHeader.hlsli">
      <Filter>シェーダーファイル</Filter>
    </None>
    <None Include="Resources\shaders\FBX.hlsli">
      <Filter>シェーダーファイル</Filter>
    </None>
    <None Include="Resources\shaders\MainFog.hlsli">
      <Filter>シェーダーファイル</Filter>
    </None>
    <None Include="Resources\shaders\OBJShaderHeader.hlsli">
      <Filter>シェーダーファイル</Filter>
    </None>
    <None Include="Resources\shaders\Particle.hlsli">
      <Filter>シェーダーファイル</Filter>
    </None>
    <None Include="Resources\shaders\PostEffect.hlsli">
      <Filter>シェーダーファイル</Filter>
    </None>
    <None Include="Resources\shaders\SpriteShaderHeader.hlsli">
      <Filter>シェーダーファイル</Filter>
    </None>
  </ItemGroup>
</Project>